
Microsoft Visual Studio Solution File, Format Version 12.00
# Visual Studio 2012
Project("{FAE04EC0-301F-11D3-BF4B-00C04F79EFBC}") = "assignment2", "assignment2\assignment2.csproj", "{350BB37A-E2A1-4026-AA2E-B1382F4B1A87}"
EndProject
Global
	GlobalSection(SolutionConfigurationPlatforms) = preSolution
		Debug|Any CPU = Debug|Any CPU
		Release|Any CPU = Release|Any CPU
	EndGlobalSection
	GlobalSection(ProjectConfigurationPlatforms) = postSolution
		{350BB37A-E2A1-4026-AA2E-B1382F4B1A87}.Debug|Any CPU.ActiveCfg = Debug|Any CPU
		{350BB37A-E2A1-4026-AA2E-B1382F4B1A87}.Debug|Any CPU.Build.0 = Debug|Any CPU
		{350BB37A-E2A1-4026-AA2E-B1382F4B1A87}.Release|Any CPU.ActiveCfg = Release|Any CPU
		{350BB37A-E2A1-4026-AA2E-B1382F4B1A87}.Release|Any CPU.Build.0 = Release|Any CPU
	EndGlobalSection
	GlobalSection(SolutionProperties) = preSolution
		HideSolutionNode = FALSE
	EndGlobalSection
EndGlobal
